// !$*UTF8*$!
{
	archiveVersion = 1;
	classes = {
	};
	objectVersion = 50;
	objects = {

/* Begin PBXBuildFile section */
		148046ABF9D17DB8FBF02581 /* Pods_tRyInG98.framework in Frameworks */ = {isa = PBXBuildFile; fileRef = 99EC8B505F7F9B13BA428322 /* Pods_tRyInG98.framework */; };
		522E3C562291397F0055CD5D /* LoginViewController.swift in Sources */ = {isa = PBXBuildFile; fileRef = 522E3C552291397F0055CD5D /* LoginViewController.swift */; };
		522E3C58229146130055CD5D /* RegisterViewController.swift in Sources */ = {isa = PBXBuildFile; fileRef = 522E3C57229146130055CD5D /* RegisterViewController.swift */; };
		524D04D1225315DC009D49F4 /* AppDelegate.swift in Sources */ = {isa = PBXBuildFile; fileRef = 524D04D0225315DC009D49F4 /* AppDelegate.swift */; };
		524D04D3225315DC009D49F4 /* ViewController.swift in Sources */ = {isa = PBXBuildFile; fileRef = 524D04D2225315DC009D49F4 /* ViewController.swift */; };
		524D04D8225315DD009D49F4 /* Assets.xcassets in Resources */ = {isa = PBXBuildFile; fileRef = 524D04D7225315DD009D49F4 /* Assets.xcassets */; };
		524D04DB225315DD009D49F4 /* LaunchScreen.storyboard in Resources */ = {isa = PBXBuildFile; fileRef = 524D04D9225315DD009D49F4 /* LaunchScreen.storyboard */; };
		524E08ED2292FAA90035355E /* AddThesisViewController.swift in Sources */ = {isa = PBXBuildFile; fileRef = 524E08EC2292FAA90035355E /* AddThesisViewController.swift */; };
		524ED2712294E95C00044427 /* ThesisListScreenViewController.swift in Sources */ = {isa = PBXBuildFile; fileRef = 524ED2702294E95C00044427 /* ThesisListScreenViewController.swift */; };
		524ED2762294F58400044427 /* ThesisListTableViewCell.swift in Sources */ = {isa = PBXBuildFile; fileRef = 524ED2752294F58400044427 /* ThesisListTableViewCell.swift */; };
		524ED2782294F7DC00044427 /* ThesisImage.swift in Sources */ = {isa = PBXBuildFile; fileRef = 524ED2772294F7DC00044427 /* ThesisImage.swift */; };
		524ED27B2295332600044427 /* ThesisInfoViewController.swift in Sources */ = {isa = PBXBuildFile; fileRef = 524ED27A2295332600044427 /* ThesisInfoViewController.swift */; };
		5251DBF922915AEB0015D388 /* NavViewController.swift in Sources */ = {isa = PBXBuildFile; fileRef = 5251DBF822915AEB0015D388 /* NavViewController.swift */; };
		5251DBFC229163920015D388 /* Bold.ttf in Resources */ = {isa = PBXBuildFile; fileRef = 5251DBFB229163920015D388 /* Bold.ttf */; };
		5251DBFF229163A10015D388 /* Light.ttf in Resources */ = {isa = PBXBuildFile; fileRef = 5251DBFD229163A10015D388 /* Light.ttf */; };
		5251DC00229163A10015D388 /* Regular.ttf in Resources */ = {isa = PBXBuildFile; fileRef = 5251DBFE229163A10015D388 /* Regular.ttf */; };
		52528EB82298C80E00023107 /* AdminApprovalViewController.swift in Sources */ = {isa = PBXBuildFile; fileRef = 52528EB72298C80E00023107 /* AdminApprovalViewController.swift */; };
		52528EBA2298D6F900023107 /* RequestedUserTableViewCell.swift in Sources */ = {isa = PBXBuildFile; fileRef = 52528EB92298D6F900023107 /* RequestedUserTableViewCell.swift */; };
		52528EBC2298D71700023107 /* RequestedUser.swift in Sources */ = {isa = PBXBuildFile; fileRef = 52528EBB2298D71700023107 /* RequestedUser.swift */; };
		52528EC02298FF8B00023107 /* AdminDeleteTableViewCell.swift in Sources */ = {isa = PBXBuildFile; fileRef = 52528EBF2298FF8B00023107 /* AdminDeleteTableViewCell.swift */; };
		52528EC22298FFDF00023107 /* AdminDeleteViewController.swift in Sources */ = {isa = PBXBuildFile; fileRef = 52528EC12298FFDF00023107 /* AdminDeleteViewController.swift */; };
		52528EC42299014F00023107 /* DeleteThesis.swift in Sources */ = {isa = PBXBuildFile; fileRef = 52528EC32299014F00023107 /* DeleteThesis.swift */; };
		52528ECE22994D1000023107 /* AdminViewTableViewCell.swift in Sources */ = {isa = PBXBuildFile; fileRef = 52528ECD22994D1000023107 /* AdminViewTableViewCell.swift */; };
		52528ED022994D2F00023107 /* AdminReservedViewController.swift in Sources */ = {isa = PBXBuildFile; fileRef = 52528ECF22994D2F00023107 /* AdminReservedViewController.swift */; };
		52528ED222994D4100023107 /* AdminReservedView.swift in Sources */ = {isa = PBXBuildFile; fileRef = 52528ED122994D4100023107 /* AdminReservedView.swift */; };
		52531061229A914F0053287B /* UserReservedViewController.swift in Sources */ = {isa = PBXBuildFile; fileRef = 52531060229A914F0053287B /* UserReservedViewController.swift */; };
		52531063229A91700053287B /* UserReservedTableViewCell.swift in Sources */ = {isa = PBXBuildFile; fileRef = 52531062229A91700053287B /* UserReservedTableViewCell.swift */; };
		52531065229A91820053287B /* UserReserved.swift in Sources */ = {isa = PBXBuildFile; fileRef = 52531064229A91820053287B /* UserReserved.swift */; };
		5253C9C42292521700B1C16F /* HomeViewController.swift in Sources */ = {isa = PBXBuildFile; fileRef = 5253C9C32292521700B1C16F /* HomeViewController.swift */; };
		5253C9C62292843A00B1C16F /* AdminHomeViewController.swift in Sources */ = {isa = PBXBuildFile; fileRef = 5253C9C52292843A00B1C16F /* AdminHomeViewController.swift */; };
		52716C682281D16000B6EE45 /* GoogleService-Info.plist in Resources */ = {isa = PBXBuildFile; fileRef = 52716C672281D16000B6EE45 /* GoogleService-Info.plist */; };
		52B43F33229A52720096DD16 /* MyCell.swift in Sources */ = {isa = PBXBuildFile; fileRef = 52B43F32229A52720096DD16 /* MyCell.swift */; };
		52B43F37229A53DF0096DD16 /* admin.storyboard in Resources */ = {isa = PBXBuildFile; fileRef = 52B43F36229A53DF0096DD16 /* admin.storyboard */; };
		52F1A98F2291260B00B59B62 /* Main.storyboard in Resources */ = {isa = PBXBuildFile; fileRef = 52F1A98D2291260B00B59B62 /* Main.storyboard */; };
/* End PBXBuildFile section */

/* Begin PBXFileReference section */
		0227E036F4DC92CFDD519D1A /* Pods-tRyInG98.debug.xcconfig */ = {isa = PBXFileReference; includeInIndex = 1; lastKnownFileType = text.xcconfig; name = "Pods-tRyInG98.debug.xcconfig"; path = "Target Support Files/Pods-tRyInG98/Pods-tRyInG98.debug.xcconfig"; sourceTree = "<group>"; };
		522E3C552291397F0055CD5D /* LoginViewController.swift */ = {isa = PBXFileReference; lastKnownFileType = sourcecode.swift; path = LoginViewController.swift; sourceTree = "<group>"; };
		522E3C57229146130055CD5D /* RegisterViewController.swift */ = {isa = PBXFileReference; lastKnownFileType = sourcecode.swift; path = RegisterViewController.swift; sourceTree = "<group>"; };
		524D04CD225315DC009D49F4 /* tRyInG98.app */ = {isa = PBXFileReference; explicitFileType = wrapper.application; includeInIndex = 0; path = tRyInG98.app; sourceTree = BUILT_PRODUCTS_DIR; };
		524D04D0225315DC009D49F4 /* AppDelegate.swift */ = {isa = PBXFileReference; lastKnownFileType = sourcecode.swift; path = AppDelegate.swift; sourceTree = "<group>"; };
		524D04D2225315DC009D49F4 /* ViewController.swift */ = {isa = PBXFileReference; lastKnownFileType = sourcecode.swift; path = ViewController.swift; sourceTree = "<group>"; };
		524D04D7225315DD009D49F4 /* Assets.xcassets */ = {isa = PBXFileReference; lastKnownFileType = folder.assetcatalog; path = Assets.xcassets; sourceTree = "<group>"; };
		524D04DA225315DD009D49F4 /* Base */ = {isa = PBXFileReference; lastKnownFileType = file.storyboard; name = Base; path = Base.lproj/LaunchScreen.storyboard; sourceTree = "<group>"; };
		524D04DC225315DD009D49F4 /* Info.plist */ = {isa = PBXFileReference; lastKnownFileType = text.plist.xml; path = Info.plist; sourceTree = "<group>"; };
		524E08EC2292FAA90035355E /* AddThesisViewController.swift */ = {isa = PBXFileReference; lastKnownFileType = sourcecode.swift; path = AddThesisViewController.swift; sourceTree = "<group>"; };
		524ED2702294E95C00044427 /* ThesisListScreenViewController.swift */ = {isa = PBXFileReference; lastKnownFileType = sourcecode.swift; path = ThesisListScreenViewController.swift; sourceTree = "<group>"; };
		524ED2752294F58400044427 /* ThesisListTableViewCell.swift */ = {isa = PBXFileReference; lastKnownFileType = sourcecode.swift; path = ThesisListTableViewCell.swift; sourceTree = "<group>"; };
		524ED2772294F7DC00044427 /* ThesisImage.swift */ = {isa = PBXFileReference; lastKnownFileType = sourcecode.swift; path = ThesisImage.swift; sourceTree = "<group>"; };
		524ED27A2295332600044427 /* ThesisInfoViewController.swift */ = {isa = PBXFileReference; lastKnownFileType = sourcecode.swift; path = ThesisInfoViewController.swift; sourceTree = "<group>"; };
		5251DBF822915AEB0015D388 /* NavViewController.swift */ = {isa = PBXFileReference; fileEncoding = 4; lastKnownFileType = sourcecode.swift; path = NavViewController.swift; sourceTree = "<group>"; };
		5251DBFB229163920015D388 /* Bold.ttf */ = {isa = PBXFileReference; lastKnownFileType = file; path = Bold.ttf; sourceTree = "<group>"; };
		5251DBFD229163A10015D388 /* Light.ttf */ = {isa = PBXFileReference; lastKnownFileType = file; path = Light.ttf; sourceTree = "<group>"; };
		5251DBFE229163A10015D388 /* Regular.ttf */ = {isa = PBXFileReference; lastKnownFileType = file; path = Regular.ttf; sourceTree = "<group>"; };
		52528EB72298C80E00023107 /* AdminApprovalViewController.swift */ = {isa = PBXFileReference; lastKnownFileType = sourcecode.swift; path = AdminApprovalViewController.swift; sourceTree = "<group>"; };
		52528EB92298D6F900023107 /* RequestedUserTableViewCell.swift */ = {isa = PBXFileReference; lastKnownFileType = sourcecode.swift; path = RequestedUserTableViewCell.swift; sourceTree = "<group>"; };
		52528EBB2298D71700023107 /* RequestedUser.swift */ = {isa = PBXFileReference; lastKnownFileType = sourcecode.swift; path = RequestedUser.swift; sourceTree = "<group>"; };
		52528EBF2298FF8B00023107 /* AdminDeleteTableViewCell.swift */ = {isa = PBXFileReference; lastKnownFileType = sourcecode.swift; path = AdminDeleteTableViewCell.swift; sourceTree = "<group>"; };
		52528EC12298FFDF00023107 /* AdminDeleteViewController.swift */ = {isa = PBXFileReference; lastKnownFileType = sourcecode.swift; path = AdminDeleteViewController.swift; sourceTree = "<group>"; };
		52528EC32299014F00023107 /* DeleteThesis.swift */ = {isa = PBXFileReference; lastKnownFileType = sourcecode.swift; path = DeleteThesis.swift; sourceTree = "<group>"; };
		52528ECD22994D1000023107 /* AdminViewTableViewCell.swift */ = {isa = PBXFileReference; lastKnownFileType = sourcecode.swift; path = AdminViewTableViewCell.swift; sourceTree = "<group>"; };
		52528ECF22994D2F00023107 /* AdminReservedViewController.swift */ = {isa = PBXFileReference; lastKnownFileType = sourcecode.swift; path = AdminReservedViewController.swift; sourceTree = "<group>"; };
		52528ED122994D4100023107 /* AdminReservedView.swift */ = {isa = PBXFileReference; lastKnownFileType = sourcecode.swift; path = AdminReservedView.swift; sourceTree = "<group>"; };
		52531060229A914F0053287B /* UserReservedViewController.swift */ = {isa = PBXFileReference; lastKnownFileType = sourcecode.swift; path = UserReservedViewController.swift; sourceTree = "<group>"; };
		52531062229A91700053287B /* UserReservedTableViewCell.swift */ = {isa = PBXFileReference; lastKnownFileType = sourcecode.swift; path = UserReservedTableViewCell.swift; sourceTree = "<group>"; };
		52531064229A91820053287B /* UserReserved.swift */ = {isa = PBXFileReference; lastKnownFileType = sourcecode.swift; path = UserReserved.swift; sourceTree = "<group>"; };
		5253C9C32292521700B1C16F /* HomeViewController.swift */ = {isa = PBXFileReference; lastKnownFileType = sourcecode.swift; path = HomeViewController.swift; sourceTree = "<group>"; };
		5253C9C52292843A00B1C16F /* AdminHomeViewController.swift */ = {isa = PBXFileReference; lastKnownFileType = sourcecode.swift; path = AdminHomeViewController.swift; sourceTree = "<group>"; };
		52716C672281D16000B6EE45 /* GoogleService-Info.plist */ = {isa = PBXFileReference; fileEncoding = 4; lastKnownFileType = text.plist.xml; path = "GoogleService-Info.plist"; sourceTree = "<group>"; };
		52B43F32229A52720096DD16 /* MyCell.swift */ = {isa = PBXFileReference; lastKnownFileType = sourcecode.swift; path = MyCell.swift; sourceTree = "<group>"; };
		52B43F36229A53DF0096DD16 /* admin.storyboard */ = {isa = PBXFileReference; fileEncoding = 4; lastKnownFileType = file.storyboard; path = admin.storyboard; sourceTree = "<group>"; };
		52F1A98E2291260B00B59B62 /* Base */ = {isa = PBXFileReference; lastKnownFileType = file.storyboard; name = Base; path = Base.lproj/Main.storyboard; sourceTree = "<group>"; };
		73F537814FBF5F964F2435AD /* Pods-tRyInG98.release.xcconfig */ = {isa = PBXFileReference; includeInIndex = 1; lastKnownFileType = text.xcconfig; name = "Pods-tRyInG98.release.xcconfig"; path = "Target Support Files/Pods-tRyInG98/Pods-tRyInG98.release.xcconfig"; sourceTree = "<group>"; };
		99EC8B505F7F9B13BA428322 /* Pods_tRyInG98.framework */ = {isa = PBXFileReference; explicitFileType = wrapper.framework; includeInIndex = 0; path = Pods_tRyInG98.framework; sourceTree = BUILT_PRODUCTS_DIR; };
/* End PBXFileReference section */

/* Begin PBXFrameworksBuildPhase section */
		524D04CA225315DC009D49F4 /* Frameworks */ = {
			isa = PBXFrameworksBuildPhase;
			buildActionMask = 2147483647;
			files = (
				148046ABF9D17DB8FBF02581 /* Pods_tRyInG98.framework in Frameworks */,
			);
			runOnlyForDeploymentPostprocessing = 0;
		};
/* End PBXFrameworksBuildPhase section */

/* Begin PBXGroup section */
		3DF875DFDBDA91DD1902E12E /* Frameworks */ = {
			isa = PBXGroup;
			children = (
				99EC8B505F7F9B13BA428322 /* Pods_tRyInG98.framework */,
			);
			name = Frameworks;
			sourceTree = "<group>";
		};
		3EC07AC002104BC06303FB5C /* Pods */ = {
			isa = PBXGroup;
			children = (
				0227E036F4DC92CFDD519D1A /* Pods-tRyInG98.debug.xcconfig */,
				73F537814FBF5F964F2435AD /* Pods-tRyInG98.release.xcconfig */,
			);
			path = Pods;
			sourceTree = "<group>";
		};
		524D04C4225315DC009D49F4 = {
			isa = PBXGroup;
			children = (
				524D04CF225315DC009D49F4 /* tRyInG98 */,
				524D04CE225315DC009D49F4 /* Products */,
				3EC07AC002104BC06303FB5C /* Pods */,
				3DF875DFDBDA91DD1902E12E /* Frameworks */,
			);
			sourceTree = "<group>";
		};
		524D04CE225315DC009D49F4 /* Products */ = {
			isa = PBXGroup;
			children = (
				524D04CD225315DC009D49F4 /* tRyInG98.app */,
			);
			name = Products;
			sourceTree = "<group>";
		};
		524D04CF225315DC009D49F4 /* tRyInG98 */ = {
			isa = PBXGroup;
			children = (
				5253105F229A912D0053287B /* UserViewResrved */,
				524E08E92292E8EE0035355E /* Storyboard */,
				52528ECC22994CF000023107 /* adminViewReserved */,
				52528EBE2298FF5700023107 /* Admin Delete */,
				52528EBD2298F92800023107 /* Admin Approval */,
				524ED279229532EC00044427 /* ThesisInfo */,
				524ED2742294F52D00044427 /* TableView */,
				524E08E82292E8DB0035355E /* Admin */,
				5251DBFA2291634D0015D388 /* Fonts */,
				52716C6D228D68D500B6EE45 /* LoginRegister */,
				524D04D0225315DC009D49F4 /* AppDelegate.swift */,
				5251DBF822915AEB0015D388 /* NavViewController.swift */,
				524D04D2225315DC009D49F4 /* ViewController.swift */,
				5253C9C32292521700B1C16F /* HomeViewController.swift */,
				524D04D7225315DD009D49F4 /* Assets.xcassets */,
				524D04D9225315DD009D49F4 /* LaunchScreen.storyboard */,
				52716C672281D16000B6EE45 /* GoogleService-Info.plist */,
				524D04DC225315DD009D49F4 /* Info.plist */,
				52B43F32229A52720096DD16 /* MyCell.swift */,
			);
			path = tRyInG98;
			sourceTree = "<group>";
		};
		524E08E82292E8DB0035355E /* Admin */ = {
			isa = PBXGroup;
			children = (
				524E08EC2292FAA90035355E /* AddThesisViewController.swift */,
				5253C9C52292843A00B1C16F /* AdminHomeViewController.swift */,
			);
			path = Admin;
			sourceTree = "<group>";
		};
		524E08E92292E8EE0035355E /* Storyboard */ = {
			isa = PBXGroup;
			children = (
				52B43F36229A53DF0096DD16 /* admin.storyboard */,
				52F1A98D2291260B00B59B62 /* Main.storyboard */,
			);
			path = Storyboard;
			sourceTree = "<group>";
		};
		524ED2742294F52D00044427 /* TableView */ = {
			isa = PBXGroup;
			children = (
				524ED2702294E95C00044427 /* ThesisListScreenViewController.swift */,
				524ED2752294F58400044427 /* ThesisListTableViewCell.swift */,
				524ED2772294F7DC00044427 /* ThesisImage.swift */,
			);
			path = TableView;
			sourceTree = "<group>";
		};
		524ED279229532EC00044427 /* ThesisInfo */ = {
			isa = PBXGroup;
			children = (
				524ED27A2295332600044427 /* ThesisInfoViewController.swift */,
			);
			path = ThesisInfo;
			sourceTree = "<group>";
		};
		5251DBFA2291634D0015D388 /* Fonts */ = {
			isa = PBXGroup;
			children = (
				5251DBFD229163A10015D388 /* Light.ttf */,
				5251DBFE229163A10015D388 /* Regular.ttf */,
				5251DBFB229163920015D388 /* Bold.ttf */,
			);
			path = Fonts;
			sourceTree = "<group>";
		};
		52528EBD2298F92800023107 /* Admin Approval */ = {
			isa = PBXGroup;
			children = (
				52528EB72298C80E00023107 /* AdminApprovalViewController.swift */,
				52528EB92298D6F900023107 /* RequestedUserTableViewCell.swift */,
				52528EBB2298D71700023107 /* RequestedUser.swift */,
			);
			path = "Admin Approval";
			sourceTree = "<group>";
		};
		52528EBE2298FF5700023107 /* Admin Delete */ = {
			isa = PBXGroup;
			children = (
				52528EC12298FFDF00023107 /* AdminDeleteViewController.swift */,
				52528EBF2298FF8B00023107 /* AdminDeleteTableViewCell.swift */,
				52528EC32299014F00023107 /* DeleteThesis.swift */,
			);
			path = "Admin Delete";
			sourceTree = "<group>";
		};
		52528ECC22994CF000023107 /* adminViewReserved */ = {
			isa = PBXGroup;
			children = (
				52528ECF22994D2F00023107 /* AdminReservedViewController.swift */,
				52528ECD22994D1000023107 /* AdminViewTableViewCell.swift */,
				52528ED122994D4100023107 /* AdminReservedView.swift */,
			);
			path = adminViewReserved;
			sourceTree = "<group>";
		};
		5253105F229A912D0053287B /* UserViewResrved */ = {
			isa = PBXGroup;
			children = (
				52531060229A914F0053287B /* UserReservedViewController.swift */,
				52531062229A91700053287B /* UserReservedTableViewCell.swift */,
				52531064229A91820053287B /* UserReserved.swift */,
			);
			path = UserViewResrved;
			sourceTree = "<group>";
		};
		52716C6D228D68D500B6EE45 /* LoginRegister */ = {
			isa = PBXGroup;
			children = (
				522E3C57229146130055CD5D /* RegisterViewController.swift */,
				522E3C552291397F0055CD5D /* LoginViewController.swift */,
			);
			path = LoginRegister;
			sourceTree = "<group>";
		};
/* End PBXGroup section */

/* Begin PBXNativeTarget section */
		524D04CC225315DC009D49F4 /* tRyInG98 */ = {
			isa = PBXNativeTarget;
			buildConfigurationList = 524D04DF225315DD009D49F4 /* Build configuration list for PBXNativeTarget "tRyInG98" */;
			buildPhases = (
				BB9EEC5B8FF9B54D124F2731 /* [CP] Check Pods Manifest.lock */,
				524D04C9225315DC009D49F4 /* Sources */,
				524D04CA225315DC009D49F4 /* Frameworks */,
				524D04CB225315DC009D49F4 /* Resources */,
				68730F6D3917C964E4135DA8 /* [CP] Embed Pods Frameworks */,
			);
			buildRules = (
			);
			dependencies = (
			);
			name = tRyInG98;
			productName = tRyInG98;
			productReference = 524D04CD225315DC009D49F4 /* tRyInG98.app */;
			productType = "com.apple.product-type.application";
		};
/* End PBXNativeTarget section */

/* Begin PBXProject section */
		524D04C5225315DC009D49F4 /* Project object */ = {
			isa = PBXProject;
			attributes = {
				LastSwiftUpdateCheck = 1010;
				LastUpgradeCheck = 1010;
				ORGANIZATIONNAME = Usim;
				TargetAttributes = {
					524D04CC225315DC009D49F4 = {
						CreatedOnToolsVersion = 10.1;
						LastSwiftMigration = 1020;
					};
				};
			};
			buildConfigurationList = 524D04C8225315DC009D49F4 /* Build configuration list for PBXProject "tRyInG98" */;
			compatibilityVersion = "Xcode 9.3";
			developmentRegion = en;
			hasScannedForEncodings = 0;
			knownRegions = (
				en,
				Base,
			);
			mainGroup = 524D04C4225315DC009D49F4;
			productRefGroup = 524D04CE225315DC009D49F4 /* Products */;
			projectDirPath = "";
			projectRoot = "";
			targets = (
				524D04CC225315DC009D49F4 /* tRyInG98 */,
			);
		};
/* End PBXProject section */

/* Begin PBXResourcesBuildPhase section */
		524D04CB225315DC009D49F4 /* Resources */ = {
			isa = PBXResourcesBuildPhase;
			buildActionMask = 2147483647;
			files = (
				524D04DB225315DD009D49F4 /* LaunchScreen.storyboard in Resources */,
				5251DBFC229163920015D388 /* Bold.ttf in Resources */,
				52B43F37229A53DF0096DD16 /* admin.storyboard in Resources */,
				52716C682281D16000B6EE45 /* GoogleService-Info.plist in Resources */,
				5251DBFF229163A10015D388 /* Light.ttf in Resources */,
				5251DC00229163A10015D388 /* Regular.ttf in Resources */,
				524D04D8225315DD009D49F4 /* Assets.xcassets in Resources */,
				52F1A98F2291260B00B59B62 /* Main.storyboard in Resources */,
			);
			runOnlyForDeploymentPostprocessing = 0;
		};
/* End PBXResourcesBuildPhase section */

/* Begin PBXShellScriptBuildPhase section */
		68730F6D3917C964E4135DA8 /* [CP] Embed Pods Frameworks */ = {
			isa = PBXShellScriptBuildPhase;
			buildActionMask = 2147483647;
			files = (
			);
			inputFileListPaths = (
			);
			inputPaths = (
				"${PODS_ROOT}/Target Support Files/Pods-tRyInG98/Pods-tRyInG98-frameworks.sh",
				"${BUILT_PRODUCTS_DIR}/Canvas/Canvas.framework",
				"${BUILT_PRODUCTS_DIR}/GTMSessionFetcher/GTMSessionFetcher.framework",
				"${BUILT_PRODUCTS_DIR}/Gemini/Gemini.framework",
				"${BUILT_PRODUCTS_DIR}/GoogleUtilities/GoogleUtilities.framework",
				"${BUILT_PRODUCTS_DIR}/IQKeyboardManagerSwift/IQKeyboardManagerSwift.framework",
				"${BUILT_PRODUCTS_DIR}/SDWebImage/SDWebImage.framework",
				"${BUILT_PRODUCTS_DIR}/TextFieldEffects/TextFieldEffects.framework",
				"${BUILT_PRODUCTS_DIR}/leveldb-library/leveldb.framework",
				"${BUILT_PRODUCTS_DIR}/nanopb/nanopb.framework",
			);
			name = "[CP] Embed Pods Frameworks";
			outputFileListPaths = (
			);
			outputPaths = (
				"${TARGET_BUILD_DIR}/${FRAMEWORKS_FOLDER_PATH}/Canvas.framework",
				"${TARGET_BUILD_DIR}/${FRAMEWORKS_FOLDER_PATH}/GTMSessionFetcher.framework",
				"${TARGET_BUILD_DIR}/${FRAMEWORKS_FOLDER_PATH}/Gemini.framework",
				"${TARGET_BUILD_DIR}/${FRAMEWORKS_FOLDER_PATH}/GoogleUtilities.framework",
				"${TARGET_BUILD_DIR}/${FRAMEWORKS_FOLDER_PATH}/IQKeyboardManagerSwift.framework",
				"${TARGET_BUILD_DIR}/${FRAMEWORKS_FOLDER_PATH}/SDWebImage.framework",
				"${TARGET_BUILD_DIR}/${FRAMEWORKS_FOLDER_PATH}/TextFieldEffects.framework",
				"${TARGET_BUILD_DIR}/${FRAMEWORKS_FOLDER_PATH}/leveldb.framework",
				"${TARGET_BUILD_DIR}/${FRAMEWORKS_FOLDER_PATH}/nanopb.framework",
			);
			runOnlyForDeploymentPostprocessing = 0;
			shellPath = /bin/sh;
			shellScript = "\"${PODS_ROOT}/Target Support Files/Pods-tRyInG98/Pods-tRyInG98-frameworks.sh\"\n";
			showEnvVarsInLog = 0;
		};
		BB9EEC5B8FF9B54D124F2731 /* [CP] Check Pods Manifest.lock */ = {
			isa = PBXShellScriptBuildPhase;
			buildActionMask = 2147483647;
			files = (
			);
			inputFileListPaths = (
			);
			inputPaths = (
				"${PODS_PODFILE_DIR_PATH}/Podfile.lock",
				"${PODS_ROOT}/Manifest.lock",
			);
			name = "[CP] Check Pods Manifest.lock";
			outputFileListPaths = (
			);
			outputPaths = (
				"$(DERIVED_FILE_DIR)/Pods-tRyInG98-checkManifestLockResult.txt",
			);
			runOnlyForDeploymentPostprocessing = 0;
			shellPath = /bin/sh;
			shellScript = "diff \"${PODS_PODFILE_DIR_PATH}/Podfile.lock\" \"${PODS_ROOT}/Manifest.lock\" > /dev/null\nif [ $? != 0 ] ; then\n    # print error to STDERR\n    echo \"error: The sandbox is not in sync with the Podfile.lock. Run 'pod install' or update your CocoaPods installation.\" >&2\n    exit 1\nfi\n# This output is used by Xcode 'outputs' to avoid re-running this script phase.\necho \"SUCCESS\" > \"${SCRIPT_OUTPUT_FILE_0}\"\n";
			showEnvVarsInLog = 0;
		};
/* End PBXShellScriptBuildPhase section */

/* Begin PBXSourcesBuildPhase section */
		524D04C9225315DC009D49F4 /* Sources */ = {
			isa = PBXSourcesBuildPhase;
			buildActionMask = 2147483647;
			files = (
				52528ECE22994D1000023107 /* AdminViewTableViewCell.swift in Sources */,
				524ED27B2295332600044427 /* ThesisInfoViewController.swift in Sources */,
				524E08ED2292FAA90035355E /* AddThesisViewController.swift in Sources */,
				52531065229A91820053287B /* UserReserved.swift in Sources */,
				52531061229A914F0053287B /* UserReservedViewController.swift in Sources */,
				52528EBA2298D6F900023107 /* RequestedUserTableViewCell.swift in Sources */,
				522E3C562291397F0055CD5D /* LoginViewController.swift in Sources */,
				52B43F33229A52720096DD16 /* MyCell.swift in Sources */,
				5251DBF922915AEB0015D388 /* NavViewController.swift in Sources */,
				524ED2712294E95C00044427 /* ThesisListScreenViewController.swift in Sources */,
				524D04D3225315DC009D49F4 /* ViewController.swift in Sources */,
				524ED2782294F7DC00044427 /* ThesisImage.swift in Sources */,
				52528EC02298FF8B00023107 /* AdminDeleteTableViewCell.swift in Sources */,
				52528EB82298C80E00023107 /* AdminApprovalViewController.swift in Sources */,
				524D04D1225315DC009D49F4 /* AppDelegate.swift in Sources */,
				5253C9C62292843A00B1C16F /* AdminHomeViewController.swift in Sources */,
				52528EC42299014F00023107 /* DeleteThesis.swift in Sources */,
				524ED2762294F58400044427 /* ThesisListTableViewCell.swift in Sources */,
				522E3C58229146130055CD5D /* RegisterViewController.swift in Sources */,
				52528ED022994D2F00023107 /* AdminReservedViewController.swift in Sources */,
				52528ED222994D4100023107 /* AdminReservedView.swift in Sources */,
				52531063229A91700053287B /* UserReservedTableViewCell.swift in Sources */,
				5253C9C42292521700B1C16F /* HomeViewController.swift in Sources */,
				52528EBC2298D71700023107 /* RequestedUser.swift in Sources */,
				52528EC22298FFDF00023107 /* AdminDeleteViewController.swift in Sources */,
			);
			runOnlyForDeploymentPostprocessing = 0;
		};
/* End PBXSourcesBuildPhase section */

/* Begin PBXVariantGroup section */
		524D04D9225315DD009D49F4 /* LaunchScreen.storyboard */ = {
			isa = PBXVariantGroup;
			children = (
				524D04DA225315DD009D49F4 /* Base */,
			);
			name = LaunchScreen.storyboard;
			sourceTree = "<group>";
		};
		52F1A98D2291260B00B59B62 /* Main.storyboard */ = {
			isa = PBXVariantGroup;
			children = (
				52F1A98E2291260B00B59B62 /* Base */,
			);
			name = Main.storyboard;
			sourceTree = "<group>";
		};
/* End PBXVariantGroup section */

/* Begin XCBuildConfiguration section */
		524D04DD225315DD009D49F4 /* Debug */ = {
			isa = XCBuildConfiguration;
			buildSettings = {
				ALWAYS_SEARCH_USER_PATHS = NO;
				CLANG_ANALYZER_NONNULL = YES;
				CLANG_ANALYZER_NUMBER_OBJECT_CONVERSION = YES_AGGRESSIVE;
				CLANG_CXX_LANGUAGE_STANDARD = "gnu++14";
				CLANG_CXX_LIBRARY = "libc++";
				CLANG_ENABLE_MODULES = YES;
				CLANG_ENABLE_OBJC_ARC = YES;
				CLANG_ENABLE_OBJC_WEAK = YES;
				CLANG_WARN_BLOCK_CAPTURE_AUTORELEASING = YES;
				CLANG_WARN_BOOL_CONVERSION = YES;
				CLANG_WARN_COMMA = YES;
				CLANG_WARN_CONSTANT_CONVERSION = YES;
				CLANG_WARN_DEPRECATED_OBJC_IMPLEMENTATIONS = YES;
				CLANG_WARN_DIRECT_OBJC_ISA_USAGE = YES_ERROR;
				CLANG_WARN_DOCUMENTATION_COMMENTS = YES;
				CLANG_WARN_EMPTY_BODY = YES;
				CLANG_WARN_ENUM_CONVERSION = YES;
				CLANG_WARN_INFINITE_RECURSION = YES;
				CLANG_WARN_INT_CONVERSION = YES;
				CLANG_WARN_NON_LITERAL_NULL_CONVERSION = YES;
				CLANG_WARN_OBJC_IMPLICIT_RETAIN_SELF = YES;
				CLANG_WARN_OBJC_LITERAL_CONVERSION = YES;
				CLANG_WARN_OBJC_ROOT_CLASS = YES_ERROR;
				CLANG_WARN_RANGE_LOOP_ANALYSIS = YES;
				CLANG_WARN_STRICT_PROTOTYPES = YES;
				CLANG_WARN_SUSPICIOUS_MOVE = YES;
				CLANG_WARN_UNGUARDED_AVAILABILITY = YES_AGGRESSIVE;
				CLANG_WARN_UNREACHABLE_CODE = YES;
				CLANG_WARN__DUPLICATE_METHOD_MATCH = YES;
				CODE_SIGN_IDENTITY = "iPhone Developer";
				COPY_PHASE_STRIP = NO;
				DEBUG_INFORMATION_FORMAT = dwarf;
				ENABLE_STRICT_OBJC_MSGSEND = YES;
				ENABLE_TESTABILITY = YES;
				GCC_C_LANGUAGE_STANDARD = gnu11;
				GCC_DYNAMIC_NO_PIC = NO;
				GCC_NO_COMMON_BLOCKS = YES;
				GCC_OPTIMIZATION_LEVEL = 0;
				GCC_PREPROCESSOR_DEFINITIONS = (
					"DEBUG=1",
					"$(inherited)",
				);
				GCC_WARN_64_TO_32_BIT_CONVERSION = YES;
				GCC_WARN_ABOUT_RETURN_TYPE = YES_ERROR;
				GCC_WARN_UNDECLARED_SELECTOR = YES;
				GCC_WARN_UNINITIALIZED_AUTOS = YES_AGGRESSIVE;
				GCC_WARN_UNUSED_FUNCTION = YES;
				GCC_WARN_UNUSED_VARIABLE = YES;
				IPHONEOS_DEPLOYMENT_TARGET = 12.1;
				MTL_ENABLE_DEBUG_INFO = INCLUDE_SOURCE;
				MTL_FAST_MATH = YES;
				ONLY_ACTIVE_ARCH = YES;
				SDKROOT = iphoneos;
				SWIFT_ACTIVE_COMPILATION_CONDITIONS = DEBUG;
				SWIFT_OPTIMIZATION_LEVEL = "-Onone";
			};
			name = Debug;
		};
		524D04DE225315DD009D49F4 /* Release */ = {
			isa = XCBuildConfiguration;
			buildSettings = {
				ALWAYS_SEARCH_USER_PATHS = NO;
				CLANG_ANALYZER_NONNULL = YES;
				CLANG_ANALYZER_NUMBER_OBJECT_CONVERSION = YES_AGGRESSIVE;
				CLANG_CXX_LANGUAGE_STANDARD = "gnu++14";
				CLANG_CXX_LIBRARY = "libc++";
				CLANG_ENABLE_MODULES = YES;
				CLANG_ENABLE_OBJC_ARC = YES;
				CLANG_ENABLE_OBJC_WEAK = YES;
				CLANG_WARN_BLOCK_CAPTURE_AUTORELEASING = YES;
				CLANG_WARN_BOOL_CONVERSION = YES;
				CLANG_WARN_COMMA = YES;
				CLANG_WARN_CONSTANT_CONVERSION = YES;
				CLANG_WARN_DEPRECATED_OBJC_IMPLEMENTATIONS = YES;
				CLANG_WARN_DIRECT_OBJC_ISA_USAGE = YES_ERROR;
				CLANG_WARN_DOCUMENTATION_COMMENTS = YES;
				CLANG_WARN_EMPTY_BODY = YES;
				CLANG_WARN_ENUM_CONVERSION = YES;
				CLANG_WARN_INFINITE_RECURSION = YES;
				CLANG_WARN_INT_CONVERSION = YES;
				CLANG_WARN_NON_LITERAL_NULL_CONVERSION = YES;
				CLANG_WARN_OBJC_IMPLICIT_RETAIN_SELF = YES;
				CLANG_WARN_OBJC_LITERAL_CONVERSION = YES;
				CLANG_WARN_OBJC_ROOT_CLASS = YES_ERROR;
				CLANG_WARN_RANGE_LOOP_ANALYSIS = YES;
				CLANG_WARN_STRICT_PROTOTYPES = YES;
				CLANG_WARN_SUSPICIOUS_MOVE = YES;
				CLANG_WARN_UNGUARDED_AVAILABILITY = YES_AGGRESSIVE;
				CLANG_WARN_UNREACHABLE_CODE = YES;
				CLANG_WARN__DUPLICATE_METHOD_MATCH = YES;
				CODE_SIGN_IDENTITY = "iPhone Developer";
				COPY_PHASE_STRIP = NO;
				DEBUG_INFORMATION_FORMAT = "dwarf-with-dsym";
				ENABLE_NS_ASSERTIONS = NO;
				ENABLE_STRICT_OBJC_MSGSEND = YES;
				GCC_C_LANGUAGE_STANDARD = gnu11;
				GCC_NO_COMMON_BLOCKS = YES;
				GCC_WARN_64_TO_32_BIT_CONVERSION = YES;
				GCC_WARN_ABOUT_RETURN_TYPE = YES_ERROR;
				GCC_WARN_UNDECLARED_SELECTOR = YES;
				GCC_WARN_UNINITIALIZED_AUTOS = YES_AGGRESSIVE;
				GCC_WARN_UNUSED_FUNCTION = YES;
				GCC_WARN_UNUSED_VARIABLE = YES;
				IPHONEOS_DEPLOYMENT_TARGET = 12.1;
				MTL_ENABLE_DEBUG_INFO = NO;
				MTL_FAST_MATH = YES;
				SDKROOT = iphoneos;
				SWIFT_COMPILATION_MODE = wholemodule;
				SWIFT_OPTIMIZATION_LEVEL = "-O";
				VALIDATE_PRODUCT = YES;
			};
			name = Release;
		};
		524D04E0225315DD009D49F4 /* Debug */ = {
			isa = XCBuildConfiguration;
			baseConfigurationReference = 0227E036F4DC92CFDD519D1A /* Pods-tRyInG98.debug.xcconfig */;
			buildSettings = {
				ASSETCATALOG_COMPILER_APPICON_NAME = AppIcon;
				CODE_SIGN_STYLE = Automatic;
				DEVELOPMENT_TEAM = CVNM99MH9Q;
				INFOPLIST_FILE = tRyInG98/Info.plist;
				IPHONEOS_DEPLOYMENT_TARGET = 12.0;
				LD_RUNPATH_SEARCH_PATHS = (
					"$(inherited)",
					"@executable_path/Frameworks",
				);
				PRODUCT_BUNDLE_IDENTIFIER = com.incognito.tRyInG98;
				PRODUCT_NAME = "$(TARGET_NAME)";
				SWIFT_VERSION = 5.0;
				TARGETED_DEVICE_FAMILY = "1,2";
			};
			name = Debug;
		};
		524D04E1225315DD009D49F4 /* Release */ = {
			isa = XCBuildConfiguration;
			baseConfigurationReference = 73F537814FBF5F964F2435AD /* Pods-tRyInG98.release.xcconfig */;
			buildSettings = {
				ASSETCATALOG_COMPILER_APPICON_NAME = AppIcon;
				CODE_SIGN_STYLE = Automatic;
				DEVELOPMENT_TEAM = CVNM99MH9Q;
				INFOPLIST_FILE = tRyInG98/Info.plist;
				IPHONEOS_DEPLOYMENT_TARGET = 12.0;
				LD_RUNPATH_SEARCH_PATHS = (
					"$(inherited)",
					"@executable_path/Frameworks",
				);
				PRODUCT_BUNDLE_IDENTIFIER = com.incognito.tRyInG98;
				PRODUCT_NAME = "$(TARGET_NAME)";
				SWIFT_VERSION = 5.0;
				TARGETED_DEVICE_FAMILY = "1,2";
			};
			name = Release;
		};
/* End XCBuildConfiguration section */

/* Begin XCConfigurationList section */
		524D04C8225315DC009D49F4 /* Build configuration list for PBXProject "tRyInG98" */ = {
			isa = XCConfigurationList;
			buildConfigurations = (
				524D04DD225315DD009D49F4 /* Debug */,
				524D04DE225315DD009D49F4 /* Release */,
			);
			defaultConfigurationIsVisible = 0;
			defaultConfigurationName = Release;
		};
		524D04DF225315DD009D49F4 /* Build configuration list for PBXNativeTarget "tRyInG98" */ = {
			isa = XCConfigurationList;
			buildConfigurations = (
				524D04E0225315DD009D49F4 /* Debug */,
				524D04E1225315DD009D49F4 /* Release */,
			);
			defaultConfigurationIsVisible = 0;
			defaultConfigurationName = Release;
		};
/* End XCConfigurationList section */
	};
	rootObject = 524D04C5225315DC009D49F4 /* Project object */;
}
